
Microsoft Visual Studio Solution File, Format Version 12.00
# Visual Studio 14
VisualStudioVersion = 14.0.25123.0
MinimumVisualStudioVersion = 10.0.40219.1
Project("{FAE04EC0-301F-11D3-BF4B-00C04F79EFBC}") = "PlayoutTest", "PlayoutTest.csproj", "{22E4FE1D-A82F-4A18-A147-0E12F1D82835}"
EndProject
Project("{FAE04EC0-301F-11D3-BF4B-00C04F79EFBC}") = "FCSPlayout", "..\FCSPlayout\FCSPlayout.csproj", "{F22910B6-BDBA-43E4-A5F2-BB800454C97D}"
EndProject
Global
	GlobalSection(SolutionConfigurationPlatforms) = preSolution
		Debug|Any CPU = Debug|Any CPU
		Release|Any CPU = Release|Any CPU
	EndGlobalSection
	GlobalSection(ProjectConfigurationPlatforms) = postSolution
		{22E4FE1D-A82F-4A18-A147-0E12F1D82835}.Debug|Any CPU.ActiveCfg = Debug|Any CPU
		{22E4FE1D-A82F-4A18-A147-0E12F1D82835}.Debug|Any CPU.Build.0 = Debug|Any CPU
		{22E4FE1D-A82F-4A18-A147-0E12F1D82835}.Release|Any CPU.ActiveCfg = Release|Any CPU
		{22E4FE1D-A82F-4A18-A147-0E12F1D82835}.Release|Any CPU.Build.0 = Release|Any CPU
		{F22910B6-BDBA-43E4-A5F2-BB800454C97D}.Debug|Any CPU.ActiveCfg = Debug|Any CPU
		{F22910B6-BDBA-43E4-A5F2-BB800454C97D}.Debug|Any CPU.Build.0 = Debug|Any CPU
		{F22910B6-BDBA-43E4-A5F2-BB800454C97D}.Release|Any CPU.ActiveCfg = Release|Any CPU
		{F22910B6-BDBA-43E4-A5F2-BB800454C97D}.Release|Any CPU.Build.0 = Release|Any CPU
	EndGlobalSection
	GlobalSection(SolutionProperties) = preSolution
		HideSolutionNode = FALSE
	EndGlobalSection
EndGlobal
